
Microsoft Visual Studio Solution File, Format Version 12.00
# Visual Studio 14
VisualStudioVersion = 14.0.23107.0
MinimumVisualStudioVersion = 10.0.40219.1
Project("{FAE04EC0-301F-11D3-BF4B-00C04F79EFBC}") = "WPFSerialAssistant", "WPFSerialAssistant\WPFSerialAssistant.csproj", "{DA01B86D-5BC1-4863-BAAC-71B309B09CC0}"
EndProject
Global
	GlobalSection(SolutionConfigurationPlatforms) = preSolution
		Debug|Any CPU = Debug|Any CPU
		Release|Any CPU = Release|Any CPU
	EndGlobalSection
	GlobalSection(ProjectConfigurationPlatforms) = postSolution
		{DA01B86D-5BC1-4863-BAAC-71B309B09CC0}.Debug|Any CPU.ActiveCfg = Debug|Any CPU
		{DA01B86D-5BC1-4863-BAAC-71B309B09CC0}.Debug|Any CPU.Build.0 = Debug|Any CPU
		{DA01B86D-5BC1-4863-BAAC-71B309B09CC0}.Release|Any CPU.ActiveCfg = Release|Any CPU
		{DA01B86D-5BC1-4863-BAAC-71B309B09CC0}.Release|Any CPU.Build.0 = Release|Any CPU
	EndGlobalSection
	GlobalSection(SolutionProperties) = preSolution
		HideSolutionNode = FALSE
	EndGlobalSection
EndGlobal
